
Microsoft Visual Studio Solution File, Format Version 12.00
# Visual Studio 15
Project("{FAE04EC0-301F-11D3-BF4B-00C04F79EFBC}") = "DisasterGame", "DisasterGame.csproj", "{DB767D9E-0D6E-764C-8785-1E9DA61018B5}"
EndProject
Project("{FAE04EC0-301F-11D3-BF4B-00C04F79EFBC}") = "DisasterGame.Plugins", "DisasterGame.Plugins.csproj", "{35CB12FC-3FC9-4105-0D60-3A7F46458E0B}"
EndProject
Global
	GlobalSection(SolutionConfigurationPlatforms) = preSolution
		Debug|Any CPU = Debug|Any CPU
		Release|Any CPU = Release|Any CPU
	EndGlobalSection
	GlobalSection(ProjectConfigurationPlatforms) = postSolution
		{DB767D9E-0D6E-764C-8785-1E9DA61018B5}.Debug|Any CPU.ActiveCfg = Debug|Any CPU
		{DB767D9E-0D6E-764C-8785-1E9DA61018B5}.Debug|Any CPU.Build.0 = Debug|Any CPU
		{DB767D9E-0D6E-764C-8785-1E9DA61018B5}.Release|Any CPU.ActiveCfg = Release|Any CPU
		{DB767D9E-0D6E-764C-8785-1E9DA61018B5}.Release|Any CPU.Build.0 = Release|Any CPU
		{35CB12FC-3FC9-4105-0D60-3A7F46458E0B}.Debug|Any CPU.ActiveCfg = Debug|Any CPU
		{35CB12FC-3FC9-4105-0D60-3A7F46458E0B}.Debug|Any CPU.Build.0 = Debug|Any CPU
		{35CB12FC-3FC9-4105-0D60-3A7F46458E0B}.Release|Any CPU.ActiveCfg = Release|Any CPU
		{35CB12FC-3FC9-4105-0D60-3A7F46458E0B}.Release|Any CPU.Build.0 = Release|Any CPU
	EndGlobalSection
	GlobalSection(SolutionProperties) = preSolution
		HideSolutionNode = FALSE
	EndGlobalSection
EndGlobal
